{
  "version": 2,
  "dependencies": {
    "net10.0": {
      "freeformhelper.application": {
        "type": "Project",
        "dependencies": {
          "Clipper2": "[2.0.0, )",
          "FreeformHelper.Domain": "[1.3.2, )"
        }
      },
      "freeformhelper.domain": {
        "type": "Project"
      },
      "Clipper2": {
        "type": "CentralTransitive",
        "requested": "[2.0.0, )",
        "resolved": "2.0.0",
        "contentHash": "2X23RZxJrjRjOSZc20aqXY9jpmHLekDRy4PIMfrsi2LPNzxFYlnuqzX/nLdk77fbURHUeX+gMhUn2a1z9/wMTQ=="
      }
    },
    "net10.0/win-arm64": {},
    "net10.0/win-x64": {}
  }
}